// !$*UTF8*$!
{
	archiveVersion = 1;
	classes = {
	};
	objectVersion = 46;
	objects = {

/* Begin PBXBuildFile section */
		14EB38860B9401CE86403826 /* Pods_TravlrTests.framework in Frameworks */ = {isa = PBXBuildFile; fileRef = F3B37EDCD4E5E1E051D1A3A7 /* Pods_TravlrTests.framework */; };
		7369AE9707FF1555DC61B80E /* Pods_Travlr.framework in Frameworks */ = {isa = PBXBuildFile; fileRef = 5A85AB71C6BF69F0C23AD854 /* Pods_Travlr.framework */; };
		D616F4551EE1EDF900064901 /* ImageCollectionViewCellController.swift in Sources */ = {isa = PBXBuildFile; fileRef = D616F4541EE1EDF900064901 /* ImageCollectionViewCellController.swift */; };
		D616F4571EE1EE4400064901 /* MarkerViewController.swift in Sources */ = {isa = PBXBuildFile; fileRef = D616F4561EE1EE4400064901 /* MarkerViewController.swift */; };
		D616F4591EE20D4B00064901 /* plus.png in Resources */ = {isa = PBXBuildFile; fileRef = D616F4581EE20D4B00064901 /* plus.png */; };
		D61D66931ED14D69002644D2 /* RegisterScreenViewController.swift in Sources */ = {isa = PBXBuildFile; fileRef = D61D66921ED14D69002644D2 /* RegisterScreenViewController.swift */; };
		D61D66951ED14F72002644D2 /* LoginScreenViewController.swift in Sources */ = {isa = PBXBuildFile; fileRef = D61D66941ED14F72002644D2 /* LoginScreenViewController.swift */; };
		D666FAEB1EE65C5D0060EB65 /* CoreData.framework in Frameworks */ = {isa = PBXBuildFile; fileRef = D666FAEA1EE65C5D0060EB65 /* CoreData.framework */; };
		D666FAEE1EE65CF10060EB65 /* Model.xcdatamodeld in Sources */ = {isa = PBXBuildFile; fileRef = D666FAEC1EE65CF10060EB65 /* Model.xcdatamodeld */; };
		D666FAF01EE66DF00060EB65 /* Marker.swift in Sources */ = {isa = PBXBuildFile; fileRef = D666FAEF1EE66DF00060EB65 /* Marker.swift */; };
		D68C5FD01ECFE00100CB667A /* AppDelegate.swift in Sources */ = {isa = PBXBuildFile; fileRef = D68C5FCF1ECFE00100CB667A /* AppDelegate.swift */; };
		D68C5FD21ECFE00100CB667A /* ViewController.swift in Sources */ = {isa = PBXBuildFile; fileRef = D68C5FD11ECFE00100CB667A /* ViewController.swift */; };
		D68C5FD51ECFE00100CB667A /* Main.storyboard in Resources */ = {isa = PBXBuildFile; fileRef = D68C5FD31ECFE00100CB667A /* Main.storyboard */; };
		D68C5FDA1ECFE00100CB667A /* LaunchScreen.storyboard in Resources */ = {isa = PBXBuildFile; fileRef = D68C5FD81ECFE00100CB667A /* LaunchScreen.storyboard */; };
		D68C5FF01ECFE00100CB667A /* TravlrUITests.swift in Sources */ = {isa = PBXBuildFile; fileRef = D68C5FEF1ECFE00100CB667A /* TravlrUITests.swift */; };
		D69E91381ED279CB00AE44F2 /* AppIcon1.png in Resources */ = {isa = PBXBuildFile; fileRef = D69E91371ED279CB00AE44F2 /* AppIcon1.png */; };
		D69E913A1ED27A3000AE44F2 /* Assets.xcassets in Resources */ = {isa = PBXBuildFile; fileRef = D69E91391ED27A3000AE44F2 /* Assets.xcassets */; };
		D6C65F911FAA2B4E00F2C193 /* GoogleService-Info.plist in Resources */ = {isa = PBXBuildFile; fileRef = D6C65F901FAA2B4E00F2C193 /* GoogleService-Info.plist */; };
		D93D4869901A68C33901B9F0 /* Pods_TravlrUITests.framework in Frameworks */ = {isa = PBXBuildFile; fileRef = 30ADB181167B3A8F93D89836 /* Pods_TravlrUITests.framework */; };
/* End PBXBuildFile section */

/* Begin PBXContainerItemProxy section */
		D68C5FE11ECFE00100CB667A /* PBXContainerItemProxy */ = {
			isa = PBXContainerItemProxy;
			containerPortal = D68C5FC41ECFE00100CB667A /* Project object */;
			proxyType = 1;
			remoteGlobalIDString = D68C5FCB1ECFE00100CB667A;
			remoteInfo = Travlr;
		};
		D68C5FEC1ECFE00100CB667A /* PBXContainerItemProxy */ = {
			isa = PBXContainerItemProxy;
			containerPortal = D68C5FC41ECFE00100CB667A /* Project object */;
			proxyType = 1;
			remoteGlobalIDString = D68C5FCB1ECFE00100CB667A;
			remoteInfo = Travlr;
		};
/* End PBXContainerItemProxy section */

/* Begin PBXFileReference section */
		14527BF26298F26696664E75 /* Pods-TravlrUITests.release.xcconfig */ = {isa = PBXFileReference; includeInIndex = 1; lastKnownFileType = text.xcconfig; name = "Pods-TravlrUITests.release.xcconfig"; path = "Pods/Target Support Files/Pods-TravlrUITests/Pods-TravlrUITests.release.xcconfig"; sourceTree = "<group>"; };
		30ADB181167B3A8F93D89836 /* Pods_TravlrUITests.framework */ = {isa = PBXFileReference; explicitFileType = wrapper.framework; includeInIndex = 0; path = Pods_TravlrUITests.framework; sourceTree = BUILT_PRODUCTS_DIR; };
		34500665427DAA7A60AB8CC4 /* Pods-Travlr.release.xcconfig */ = {isa = PBXFileReference; includeInIndex = 1; lastKnownFileType = text.xcconfig; name = "Pods-Travlr.release.xcconfig"; path = "Pods/Target Support Files/Pods-Travlr/Pods-Travlr.release.xcconfig"; sourceTree = "<group>"; };
		5A85AB71C6BF69F0C23AD854 /* Pods_Travlr.framework */ = {isa = PBXFileReference; explicitFileType = wrapper.framework; includeInIndex = 0; path = Pods_Travlr.framework; sourceTree = BUILT_PRODUCTS_DIR; };
		5B0B7CE85EC946ADDB2B2DAF /* Pods-TravlrTests.debug.xcconfig */ = {isa = PBXFileReference; includeInIndex = 1; lastKnownFileType = text.xcconfig; name = "Pods-TravlrTests.debug.xcconfig"; path = "Pods/Target Support Files/Pods-TravlrTests/Pods-TravlrTests.debug.xcconfig"; sourceTree = "<group>"; };
		7A5A709696AA84F96C39B7FC /* Pods-Travlr.debug.xcconfig */ = {isa = PBXFileReference; includeInIndex = 1; lastKnownFileType = text.xcconfig; name = "Pods-Travlr.debug.xcconfig"; path = "Pods/Target Support Files/Pods-Travlr/Pods-Travlr.debug.xcconfig"; sourceTree = "<group>"; };
		979F981A89561FC3408C51A6 /* Pods-TravlrTests.release.xcconfig */ = {isa = PBXFileReference; includeInIndex = 1; lastKnownFileType = text.xcconfig; name = "Pods-TravlrTests.release.xcconfig"; path = "Pods/Target Support Files/Pods-TravlrTests/Pods-TravlrTests.release.xcconfig"; sourceTree = "<group>"; };
		CF271E7785AECAEFEA803A34 /* Pods-TravlrUITests.debug.xcconfig */ = {isa = PBXFileReference; includeInIndex = 1; lastKnownFileType = text.xcconfig; name = "Pods-TravlrUITests.debug.xcconfig"; path = "Pods/Target Support Files/Pods-TravlrUITests/Pods-TravlrUITests.debug.xcconfig"; sourceTree = "<group>"; };
		D616F4541EE1EDF900064901 /* ImageCollectionViewCellController.swift */ = {isa = PBXFileReference; fileEncoding = 4; lastKnownFileType = sourcecode.swift; path = ImageCollectionViewCellController.swift; sourceTree = "<group>"; };
		D616F4561EE1EE4400064901 /* MarkerViewController.swift */ = {isa = PBXFileReference; fileEncoding = 4; lastKnownFileType = sourcecode.swift; path = MarkerViewController.swift; sourceTree = "<group>"; };
		D616F4581EE20D4B00064901 /* plus.png */ = {isa = PBXFileReference; lastKnownFileType = image.png; path = plus.png; sourceTree = "<group>"; };
		D61D66921ED14D69002644D2 /* RegisterScreenViewController.swift */ = {isa = PBXFileReference; fileEncoding = 4; lastKnownFileType = sourcecode.swift; path = RegisterScreenViewController.swift; sourceTree = "<group>"; };
		D61D66941ED14F72002644D2 /* LoginScreenViewController.swift */ = {isa = PBXFileReference; fileEncoding = 4; lastKnownFileType = sourcecode.swift; path = LoginScreenViewController.swift; sourceTree = "<group>"; };
		D65285CA1EE38AF500DB0FF0 /* Travlr-Bridging-Header.h */ = {isa = PBXFileReference; lastKnownFileType = sourcecode.c.h; path = "Travlr-Bridging-Header.h"; sourceTree = "<group>"; };
		D666FAEA1EE65C5D0060EB65 /* CoreData.framework */ = {isa = PBXFileReference; lastKnownFileType = wrapper.framework; name = CoreData.framework; path = System/Library/Frameworks/CoreData.framework; sourceTree = SDKROOT; };
		D666FAED1EE65CF10060EB65 /* Model.xcdatamodel */ = {isa = PBXFileReference; lastKnownFileType = wrapper.xcdatamodel; path = Model.xcdatamodel; sourceTree = "<group>"; };
		D666FAEF1EE66DF00060EB65 /* Marker.swift */ = {isa = PBXFileReference; fileEncoding = 4; lastKnownFileType = sourcecode.swift; path = Marker.swift; sourceTree = "<group>"; };
		D68C5FCC1ECFE00100CB667A /* Travlr.app */ = {isa = PBXFileReference; explicitFileType = wrapper.application; includeInIndex = 0; path = Travlr.app; sourceTree = BUILT_PRODUCTS_DIR; };
		D68C5FCF1ECFE00100CB667A /* AppDelegate.swift */ = {isa = PBXFileReference; lastKnownFileType = sourcecode.swift; path = AppDelegate.swift; sourceTree = "<group>"; };
		D68C5FD11ECFE00100CB667A /* ViewController.swift */ = {isa = PBXFileReference; lastKnownFileType = sourcecode.swift; path = ViewController.swift; sourceTree = "<group>"; };
		D68C5FD41ECFE00100CB667A /* Base */ = {isa = PBXFileReference; lastKnownFileType = file.storyboard; name = Base; path = Base.lproj/Main.storyboard; sourceTree = "<group>"; };
		D68C5FD91ECFE00100CB667A /* Base */ = {isa = PBXFileReference; lastKnownFileType = file.storyboard; name = Base; path = Base.lproj/LaunchScreen.storyboard; sourceTree = "<group>"; };
		D68C5FDB1ECFE00100CB667A /* Info.plist */ = {isa = PBXFileReference; lastKnownFileType = text.plist.xml; path = Info.plist; sourceTree = "<group>"; };
		D68C5FE01ECFE00100CB667A /* TravlrTests.xctest */ = {isa = PBXFileReference; explicitFileType = wrapper.cfbundle; includeInIndex = 0; path = TravlrTests.xctest; sourceTree = BUILT_PRODUCTS_DIR; };
		D68C5FE61ECFE00100CB667A /* Info.plist */ = {isa = PBXFileReference; lastKnownFileType = text.plist.xml; path = Info.plist; sourceTree = "<group>"; };
		D68C5FEB1ECFE00100CB667A /* TravlrUITests.xctest */ = {isa = PBXFileReference; explicitFileType = wrapper.cfbundle; includeInIndex = 0; path = TravlrUITests.xctest; sourceTree = BUILT_PRODUCTS_DIR; };
		D68C5FEF1ECFE00100CB667A /* TravlrUITests.swift */ = {isa = PBXFileReference; lastKnownFileType = sourcecode.swift; path = TravlrUITests.swift; sourceTree = "<group>"; };
		D68C5FF11ECFE00100CB667A /* Info.plist */ = {isa = PBXFileReference; lastKnownFileType = text.plist.xml; path = Info.plist; sourceTree = "<group>"; };
		D69E91371ED279CB00AE44F2 /* AppIcon1.png */ = {isa = PBXFileReference; lastKnownFileType = image.png; path = AppIcon1.png; sourceTree = "<group>"; };
		D69E91391ED27A3000AE44F2 /* Assets.xcassets */ = {isa = PBXFileReference; lastKnownFileType = folder.assetcatalog; path = Assets.xcassets; sourceTree = "<group>"; };
		D6C65F901FAA2B4E00F2C193 /* GoogleService-Info.plist */ = {isa = PBXFileReference; fileEncoding = 4; lastKnownFileType = text.plist.xml; path = "GoogleService-Info.plist"; sourceTree = "<group>"; };
		F3B37EDCD4E5E1E051D1A3A7 /* Pods_TravlrTests.framework */ = {isa = PBXFileReference; explicitFileType = wrapper.framework; includeInIndex = 0; path = Pods_TravlrTests.framework; sourceTree = BUILT_PRODUCTS_DIR; };
/* End PBXFileReference section */

/* Begin PBXFrameworksBuildPhase section */
		D68C5FC91ECFE00100CB667A /* Frameworks */ = {
			isa = PBXFrameworksBuildPhase;
			buildActionMask = 2147483647;
			files = (
				D666FAEB1EE65C5D0060EB65 /* CoreData.framework in Frameworks */,
				7369AE9707FF1555DC61B80E /* Pods_Travlr.framework in Frameworks */,
			);
			runOnlyForDeploymentPostprocessing = 0;
		};
		D68C5FDD1ECFE00100CB667A /* Frameworks */ = {
			isa = PBXFrameworksBuildPhase;
			buildActionMask = 2147483647;
			files = (
				14EB38860B9401CE86403826 /* Pods_TravlrTests.framework in Frameworks */,
			);
			runOnlyForDeploymentPostprocessing = 0;
		};
		D68C5FE81ECFE00100CB667A /* Frameworks */ = {
			isa = PBXFrameworksBuildPhase;
			buildActionMask = 2147483647;
			files = (
				D93D4869901A68C33901B9F0 /* Pods_TravlrUITests.framework in Frameworks */,
			);
			runOnlyForDeploymentPostprocessing = 0;
		};
/* End PBXFrameworksBuildPhase section */

/* Begin PBXGroup section */
		2625996C99633D29586979C8 /* Pods */ = {
			isa = PBXGroup;
			children = (
				7A5A709696AA84F96C39B7FC /* Pods-Travlr.debug.xcconfig */,
				34500665427DAA7A60AB8CC4 /* Pods-Travlr.release.xcconfig */,
				5B0B7CE85EC946ADDB2B2DAF /* Pods-TravlrTests.debug.xcconfig */,
				979F981A89561FC3408C51A6 /* Pods-TravlrTests.release.xcconfig */,
				CF271E7785AECAEFEA803A34 /* Pods-TravlrUITests.debug.xcconfig */,
				14527BF26298F26696664E75 /* Pods-TravlrUITests.release.xcconfig */,
			);
			name = Pods;
			sourceTree = "<group>";
		};
		585C7BD9F6AF772610F35A3B /* Frameworks */ = {
			isa = PBXGroup;
			children = (
				D666FAEA1EE65C5D0060EB65 /* CoreData.framework */,
				5A85AB71C6BF69F0C23AD854 /* Pods_Travlr.framework */,
				F3B37EDCD4E5E1E051D1A3A7 /* Pods_TravlrTests.framework */,
				30ADB181167B3A8F93D89836 /* Pods_TravlrUITests.framework */,
			);
			name = Frameworks;
			sourceTree = "<group>";
		};
		D68C5FC31ECFE00100CB667A = {
			isa = PBXGroup;
			children = (
				D68C5FCE1ECFE00100CB667A /* Travlr */,
				D68C5FE31ECFE00100CB667A /* TravlrTests */,
				D68C5FEE1ECFE00100CB667A /* TravlrUITests */,
				D68C5FCD1ECFE00100CB667A /* Products */,
				2625996C99633D29586979C8 /* Pods */,
				585C7BD9F6AF772610F35A3B /* Frameworks */,
			);
			sourceTree = "<group>";
		};
		D68C5FCD1ECFE00100CB667A /* Products */ = {
			isa = PBXGroup;
			children = (
				D68C5FCC1ECFE00100CB667A /* Travlr.app */,
				D68C5FE01ECFE00100CB667A /* TravlrTests.xctest */,
				D68C5FEB1ECFE00100CB667A /* TravlrUITests.xctest */,
			);
			name = Products;
			sourceTree = "<group>";
		};
		D68C5FCE1ECFE00100CB667A /* Travlr */ = {
			isa = PBXGroup;
			children = (
				D6C65F901FAA2B4E00F2C193 /* GoogleService-Info.plist */,
				D69E91371ED279CB00AE44F2 /* AppIcon1.png */,
				D68C5FCF1ECFE00100CB667A /* AppDelegate.swift */,
				D69E91391ED27A3000AE44F2 /* Assets.xcassets */,
				D65285CA1EE38AF500DB0FF0 /* Travlr-Bridging-Header.h */,
				D616F4581EE20D4B00064901 /* plus.png */,
				D68C5FD31ECFE00100CB667A /* Main.storyboard */,
				D68C5FD11ECFE00100CB667A /* ViewController.swift */,
				D616F4561EE1EE4400064901 /* MarkerViewController.swift */,
				D666FAEC1EE65CF10060EB65 /* Model.xcdatamodeld */,
				D616F4541EE1EDF900064901 /* ImageCollectionViewCellController.swift */,
				D68C5FD81ECFE00100CB667A /* LaunchScreen.storyboard */,
				D68C5FDB1ECFE00100CB667A /* Info.plist */,
				D61D66921ED14D69002644D2 /* RegisterScreenViewController.swift */,
				D61D66941ED14F72002644D2 /* LoginScreenViewController.swift */,
				D666FAEF1EE66DF00060EB65 /* Marker.swift */,
			);
			path = Travlr;
			sourceTree = "<group>";
		};
		D68C5FE31ECFE00100CB667A /* TravlrTests */ = {
			isa = PBXGroup;
			children = (
				D68C5FE61ECFE00100CB667A /* Info.plist */,
			);
			path = TravlrTests;
			sourceTree = "<group>";
		};
		D68C5FEE1ECFE00100CB667A /* TravlrUITests */ = {
			isa = PBXGroup;
			children = (
				D68C5FEF1ECFE00100CB667A /* TravlrUITests.swift */,
				D68C5FF11ECFE00100CB667A /* Info.plist */,
			);
			path = TravlrUITests;
			sourceTree = "<group>";
		};
/* End PBXGroup section */

/* Begin PBXNativeTarget section */
		D68C5FCB1ECFE00100CB667A /* Travlr */ = {
			isa = PBXNativeTarget;
			buildConfigurationList = D68C5FF41ECFE00100CB667A /* Build configuration list for PBXNativeTarget "Travlr" */;
			buildPhases = (
				462C0500660AC4243ABFB5DC /* [CP] Check Pods Manifest.lock */,
				D68C5FC81ECFE00100CB667A /* Sources */,
				D68C5FC91ECFE00100CB667A /* Frameworks */,
				D68C5FCA1ECFE00100CB667A /* Resources */,
				F36BE4E3DBB88AFE5CB0E259 /* [CP] Embed Pods Frameworks */,
				285E644580BE56E8467CDAAE /* [CP] Copy Pods Resources */,
			);
			buildRules = (
			);
			dependencies = (
			);
			name = Travlr;
			productName = Travlr;
			productReference = D68C5FCC1ECFE00100CB667A /* Travlr.app */;
			productType = "com.apple.product-type.application";
		};
		D68C5FDF1ECFE00100CB667A /* TravlrTests */ = {
			isa = PBXNativeTarget;
			buildConfigurationList = D68C5FF71ECFE00100CB667A /* Build configuration list for PBXNativeTarget "TravlrTests" */;
			buildPhases = (
				D10BA8260B578A8E3EA16BB1 /* [CP] Check Pods Manifest.lock */,
				D68C5FDC1ECFE00100CB667A /* Sources */,
				D68C5FDD1ECFE00100CB667A /* Frameworks */,
				D68C5FDE1ECFE00100CB667A /* Resources */,
				63C7993367E6F3A1C74B4C0D /* [CP] Embed Pods Frameworks */,
				683B98EC2F2EA86BC8273856 /* [CP] Copy Pods Resources */,
			);
			buildRules = (
			);
			dependencies = (
				D68C5FE21ECFE00100CB667A /* PBXTargetDependency */,
			);
			name = TravlrTests;
			productName = TravlrTests;
			productReference = D68C5FE01ECFE00100CB667A /* TravlrTests.xctest */;
			productType = "com.apple.product-type.bundle.unit-test";
		};
		D68C5FEA1ECFE00100CB667A /* TravlrUITests */ = {
			isa = PBXNativeTarget;
			buildConfigurationList = D68C5FFA1ECFE00100CB667A /* Build configuration list for PBXNativeTarget "TravlrUITests" */;
			buildPhases = (
				C5F6409F2BC419BF56EC324F /* [CP] Check Pods Manifest.lock */,
				D68C5FE71ECFE00100CB667A /* Sources */,
				D68C5FE81ECFE00100CB667A /* Frameworks */,
				D68C5FE91ECFE00100CB667A /* Resources */,
				28A810044EDAFF6110F6534A /* [CP] Embed Pods Frameworks */,
				ADA604608DAC6E0C0F5EC114 /* [CP] Copy Pods Resources */,
			);
			buildRules = (
			);
			dependencies = (
				D68C5FED1ECFE00100CB667A /* PBXTargetDependency */,
			);
			name = TravlrUITests;
			productName = TravlrUITests;
			productReference = D68C5FEB1ECFE00100CB667A /* TravlrUITests.xctest */;
			productType = "com.apple.product-type.bundle.ui-testing";
		};
/* End PBXNativeTarget section */

/* Begin PBXProject section */
		D68C5FC41ECFE00100CB667A /* Project object */ = {
			isa = PBXProject;
			attributes = {
				LastSwiftUpdateCheck = 0830;
				LastUpgradeCheck = 0910;
				ORGANIZATIONNAME = "Ryan Ching";
				TargetAttributes = {
					D68C5FCB1ECFE00100CB667A = {
						CreatedOnToolsVersion = 8.3.2;
						DevelopmentTeam = LLL5MM4QVU;
						LastSwiftMigration = 0910;
						ProvisioningStyle = Automatic;
					};
					D68C5FDF1ECFE00100CB667A = {
						CreatedOnToolsVersion = 8.3.2;
						DevelopmentTeam = TNYKHNSDV6;
						LastSwiftMigration = 0910;
						ProvisioningStyle = Automatic;
						TestTargetID = D68C5FCB1ECFE00100CB667A;
					};
					D68C5FEA1ECFE00100CB667A = {
						CreatedOnToolsVersion = 8.3.2;
						DevelopmentTeam = TNYKHNSDV6;
						LastSwiftMigration = 0910;
						ProvisioningStyle = Automatic;
						TestTargetID = D68C5FCB1ECFE00100CB667A;
					};
				};
			};
			buildConfigurationList = D68C5FC71ECFE00100CB667A /* Build configuration list for PBXProject "Travlr" */;
			compatibilityVersion = "Xcode 3.2";
			developmentRegion = English;
			hasScannedForEncodings = 0;
			knownRegions = (
				en,
				Base,
			);
			mainGroup = D68C5FC31ECFE00100CB667A;
			productRefGroup = D68C5FCD1ECFE00100CB667A /* Products */;
			projectDirPath = "";
			projectRoot = "";
			targets = (
				D68C5FCB1ECFE00100CB667A /* Travlr */,
				D68C5FDF1ECFE00100CB667A /* TravlrTests */,
				D68C5FEA1ECFE00100CB667A /* TravlrUITests */,
			);
		};
/* End PBXProject section */

/* Begin PBXResourcesBuildPhase section */
		D68C5FCA1ECFE00100CB667A /* Resources */ = {
			isa = PBXResourcesBuildPhase;
			buildActionMask = 2147483647;
			files = (
				D68C5FDA1ECFE00100CB667A /* LaunchScreen.storyboard in Resources */,
				D69E91381ED279CB00AE44F2 /* AppIcon1.png in Resources */,
				D68C5FD51ECFE00100CB667A /* Main.storyboard in Resources */,
				D69E913A1ED27A3000AE44F2 /* Assets.xcassets in Resources */,
				D616F4591EE20D4B00064901 /* plus.png in Resources */,
				D6C65F911FAA2B4E00F2C193 /* GoogleService-Info.plist in Resources */,
			);
			runOnlyForDeploymentPostprocessing = 0;
		};
		D68C5FDE1ECFE00100CB667A /* Resources */ = {
			isa = PBXResourcesBuildPhase;
			buildActionMask = 2147483647;
			files = (
			);
			runOnlyForDeploymentPostprocessing = 0;
		};
		D68C5FE91ECFE00100CB667A /* Resources */ = {
			isa = PBXResourcesBuildPhase;
			buildActionMask = 2147483647;
			files = (
			);
			runOnlyForDeploymentPostprocessing = 0;
		};
/* End PBXResourcesBuildPhase section */

/* Begin PBXShellScriptBuildPhase section */
		285E644580BE56E8467CDAAE /* [CP] Copy Pods Resources */ = {
			isa = PBXShellScriptBuildPhase;
			buildActionMask = 2147483647;
			files = (
			);
			inputPaths = (
			);
			name = "[CP] Copy Pods Resources";
			outputPaths = (
			);
			runOnlyForDeploymentPostprocessing = 0;
			shellPath = /bin/sh;
			shellScript = "\"${SRCROOT}/Pods/Target Support Files/Pods-Travlr/Pods-Travlr-resources.sh\"\n";
			showEnvVarsInLog = 0;
		};
		28A810044EDAFF6110F6534A /* [CP] Embed Pods Frameworks */ = {
			isa = PBXShellScriptBuildPhase;
			buildActionMask = 2147483647;
			files = (
			);
			inputPaths = (
			);
			name = "[CP] Embed Pods Frameworks";
			outputPaths = (
			);
			runOnlyForDeploymentPostprocessing = 0;
			shellPath = /bin/sh;
			shellScript = "\"${SRCROOT}/Pods/Target Support Files/Pods-TravlrUITests/Pods-TravlrUITests-frameworks.sh\"\n";
			showEnvVarsInLog = 0;
		};
		462C0500660AC4243ABFB5DC /* [CP] Check Pods Manifest.lock */ = {
			isa = PBXShellScriptBuildPhase;
			buildActionMask = 2147483647;
			files = (
			);
			inputPaths = (
			);
			name = "[CP] Check Pods Manifest.lock";
			outputPaths = (
			);
			runOnlyForDeploymentPostprocessing = 0;
			shellPath = /bin/sh;
			shellScript = "diff \"${PODS_PODFILE_DIR_PATH}/Podfile.lock\" \"${PODS_ROOT}/Manifest.lock\" > /dev/null\nif [ $? != 0 ] ; then\n    # print error to STDERR\n    echo \"error: The sandbox is not in sync with the Podfile.lock. Run 'pod install' or update your CocoaPods installation.\" >&2\n    exit 1\nfi\n";
			showEnvVarsInLog = 0;
		};
		63C7993367E6F3A1C74B4C0D /* [CP] Embed Pods Frameworks */ = {
			isa = PBXShellScriptBuildPhase;
			buildActionMask = 2147483647;
			files = (
			);
			inputPaths = (
			);
			name = "[CP] Embed Pods Frameworks";
			outputPaths = (
			);
			runOnlyForDeploymentPostprocessing = 0;
			shellPath = /bin/sh;
			shellScript = "\"${SRCROOT}/Pods/Target Support Files/Pods-TravlrTests/Pods-TravlrTests-frameworks.sh\"\n";
			showEnvVarsInLog = 0;
		};
		683B98EC2F2EA86BC8273856 /* [CP] Copy Pods Resources */ = {
			isa = PBXShellScriptBuildPhase;
			buildActionMask = 2147483647;
			files = (
			);
			inputPaths = (
			);
			name = "[CP] Copy Pods Resources";
			outputPaths = (
			);
			runOnlyForDeploymentPostprocessing = 0;
			shellPath = /bin/sh;
			shellScript = "\"${SRCROOT}/Pods/Target Support Files/Pods-TravlrTests/Pods-TravlrTests-resources.sh\"\n";
			showEnvVarsInLog = 0;
		};
		ADA604608DAC6E0C0F5EC114 /* [CP] Copy Pods Resources */ = {
			isa = PBXShellScriptBuildPhase;
			buildActionMask = 2147483647;
			files = (
			);
			inputPaths = (
			);
			name = "[CP] Copy Pods Resources";
			outputPaths = (
			);
			runOnlyForDeploymentPostprocessing = 0;
			shellPath = /bin/sh;
			shellScript = "\"${SRCROOT}/Pods/Target Support Files/Pods-TravlrUITests/Pods-TravlrUITests-resources.sh\"\n";
			showEnvVarsInLog = 0;
		};
		C5F6409F2BC419BF56EC324F /* [CP] Check Pods Manifest.lock */ = {
			isa = PBXShellScriptBuildPhase;
			buildActionMask = 2147483647;
			files = (
			);
			inputPaths = (
			);
			name = "[CP] Check Pods Manifest.lock";
			outputPaths = (
			);
			runOnlyForDeploymentPostprocessing = 0;
			shellPath = /bin/sh;
			shellScript = "diff \"${PODS_PODFILE_DIR_PATH}/Podfile.lock\" \"${PODS_ROOT}/Manifest.lock\" > /dev/null\nif [ $? != 0 ] ; then\n    # print error to STDERR\n    echo \"error: The sandbox is not in sync with the Podfile.lock. Run 'pod install' or update your CocoaPods installation.\" >&2\n    exit 1\nfi\n";
			showEnvVarsInLog = 0;
		};
		D10BA8260B578A8E3EA16BB1 /* [CP] Check Pods Manifest.lock */ = {
			isa = PBXShellScriptBuildPhase;
			buildActionMask = 2147483647;
			files = (
			);
			inputPaths = (
			);
			name = "[CP] Check Pods Manifest.lock";
			outputPaths = (
			);
			runOnlyForDeploymentPostprocessing = 0;
			shellPath = /bin/sh;
			shellScript = "diff \"${PODS_PODFILE_DIR_PATH}/Podfile.lock\" \"${PODS_ROOT}/Manifest.lock\" > /dev/null\nif [ $? != 0 ] ; then\n    # print error to STDERR\n    echo \"error: The sandbox is not in sync with the Podfile.lock. Run 'pod install' or update your CocoaPods installation.\" >&2\n    exit 1\nfi\n";
			showEnvVarsInLog = 0;
		};
		F36BE4E3DBB88AFE5CB0E259 /* [CP] Embed Pods Frameworks */ = {
			isa = PBXShellScriptBuildPhase;
			buildActionMask = 2147483647;
			files = (
			);
			inputPaths = (
			);
			name = "[CP] Embed Pods Frameworks";
			outputPaths = (
			);
			runOnlyForDeploymentPostprocessing = 0;
			shellPath = /bin/sh;
			shellScript = "\"${SRCROOT}/Pods/Target Support Files/Pods-Travlr/Pods-Travlr-frameworks.sh\"\n";
			showEnvVarsInLog = 0;
		};
/* End PBXShellScriptBuildPhase section */

/* Begin PBXSourcesBuildPhase section */
		D68C5FC81ECFE00100CB667A /* Sources */ = {
			isa = PBXSourcesBuildPhase;
			buildActionMask = 2147483647;
			files = (
				D616F4551EE1EDF900064901 /* ImageCollectionViewCellController.swift in Sources */,
				D666FAF01EE66DF00060EB65 /* Marker.swift in Sources */,
				D68C5FD21ECFE00100CB667A /* ViewController.swift in Sources */,
				D61D66931ED14D69002644D2 /* RegisterScreenViewController.swift in Sources */,
				D666FAEE1EE65CF10060EB65 /* Model.xcdatamodeld in Sources */,
				D61D66951ED14F72002644D2 /* LoginScreenViewController.swift in Sources */,
				D616F4571EE1EE4400064901 /* MarkerViewController.swift in Sources */,
				D68C5FD01ECFE00100CB667A /* AppDelegate.swift in Sources */,
			);
			runOnlyForDeploymentPostprocessing = 0;
		};
		D68C5FDC1ECFE00100CB667A /* Sources */ = {
			isa = PBXSourcesBuildPhase;
			buildActionMask = 2147483647;
			files = (
			);
			runOnlyForDeploymentPostprocessing = 0;
		};
		D68C5FE71ECFE00100CB667A /* Sources */ = {
			isa = PBXSourcesBuildPhase;
			buildActionMask = 2147483647;
			files = (
				D68C5FF01ECFE00100CB667A /* TravlrUITests.swift in Sources */,
			);
			runOnlyForDeploymentPostprocessing = 0;
		};
/* End PBXSourcesBuildPhase section */

/* Begin PBXTargetDependency section */
		D68C5FE21ECFE00100CB667A /* PBXTargetDependency */ = {
			isa = PBXTargetDependency;
			target = D68C5FCB1ECFE00100CB667A /* Travlr */;
			targetProxy = D68C5FE11ECFE00100CB667A /* PBXContainerItemProxy */;
		};
		D68C5FED1ECFE00100CB667A /* PBXTargetDependency */ = {
			isa = PBXTargetDependency;
			target = D68C5FCB1ECFE00100CB667A /* Travlr */;
			targetProxy = D68C5FEC1ECFE00100CB667A /* PBXContainerItemProxy */;
		};
/* End PBXTargetDependency section */

/* Begin PBXVariantGroup section */
		D68C5FD31ECFE00100CB667A /* Main.storyboard */ = {
			isa = PBXVariantGroup;
			children = (
				D68C5FD41ECFE00100CB667A /* Base */,
			);
			name = Main.storyboard;
			sourceTree = "<group>";
		};
		D68C5FD81ECFE00100CB667A /* LaunchScreen.storyboard */ = {
			isa = PBXVariantGroup;
			children = (
				D68C5FD91ECFE00100CB667A /* Base */,
			);
			name = LaunchScreen.storyboard;
			sourceTree = "<group>";
		};
/* End PBXVariantGroup section */

/* Begin XCBuildConfiguration section */
		D68C5FF21ECFE00100CB667A /* Debug */ = {
			isa = XCBuildConfiguration;
			buildSettings = {
				ALWAYS_SEARCH_USER_PATHS = NO;
				CLANG_ANALYZER_NONNULL = YES;
				CLANG_ANALYZER_NUMBER_OBJECT_CONVERSION = YES_AGGRESSIVE;
				CLANG_CXX_LANGUAGE_STANDARD = "gnu++0x";
				CLANG_CXX_LIBRARY = "libc++";
				CLANG_ENABLE_MODULES = YES;
				CLANG_ENABLE_OBJC_ARC = YES;
				CLANG_WARN_BLOCK_CAPTURE_AUTORELEASING = YES;
				CLANG_WARN_BOOL_CONVERSION = YES;
				CLANG_WARN_COMMA = YES;
				CLANG_WARN_CONSTANT_CONVERSION = YES;
				CLANG_WARN_DIRECT_OBJC_ISA_USAGE = YES_ERROR;
				CLANG_WARN_DOCUMENTATION_COMMENTS = YES;
				CLANG_WARN_EMPTY_BODY = YES;
				CLANG_WARN_ENUM_CONVERSION = YES;
				CLANG_WARN_INFINITE_RECURSION = YES;
				CLANG_WARN_INT_CONVERSION = YES;
				CLANG_WARN_NON_LITERAL_NULL_CONVERSION = YES;
				CLANG_WARN_OBJC_LITERAL_CONVERSION = YES;
				CLANG_WARN_OBJC_ROOT_CLASS = YES_ERROR;
				CLANG_WARN_RANGE_LOOP_ANALYSIS = YES;
				CLANG_WARN_STRICT_PROTOTYPES = YES;
				CLANG_WARN_SUSPICIOUS_MOVE = YES;
				CLANG_WARN_UNREACHABLE_CODE = YES;
				CLANG_WARN__DUPLICATE_METHOD_MATCH = YES;
				"CODE_SIGN_IDENTITY[sdk=iphoneos*]" = "iPhone Developer";
				COPY_PHASE_STRIP = NO;
				DEBUG_INFORMATION_FORMAT = dwarf;
				ENABLE_STRICT_OBJC_MSGSEND = YES;
				ENABLE_TESTABILITY = YES;
				GCC_C_LANGUAGE_STANDARD = gnu99;
				GCC_DYNAMIC_NO_PIC = NO;
				GCC_NO_COMMON_BLOCKS = YES;
				GCC_OPTIMIZATION_LEVEL = 0;
				GCC_PREPROCESSOR_DEFINITIONS = (
					"DEBUG=1",
					"$(inherited)",
				);
				GCC_WARN_64_TO_32_BIT_CONVERSION = YES;
				GCC_WARN_ABOUT_RETURN_TYPE = YES_ERROR;
				GCC_WARN_UNDECLARED_SELECTOR = YES;
				GCC_WARN_UNINITIALIZED_AUTOS = YES_AGGRESSIVE;
				GCC_WARN_UNUSED_FUNCTION = YES;
				GCC_WARN_UNUSED_VARIABLE = YES;
				IPHONEOS_DEPLOYMENT_TARGET = 10.3;
				MTL_ENABLE_DEBUG_INFO = YES;
				ONLY_ACTIVE_ARCH = YES;
				SDKROOT = iphoneos;
				SWIFT_ACTIVE_COMPILATION_CONDITIONS = DEBUG;
				SWIFT_OPTIMIZATION_LEVEL = "-Onone";
				TARGETED_DEVICE_FAMILY = "1,2";
			};
			name = Debug;
		};
		D68C5FF31ECFE00100CB667A /* Release */ = {
			isa = XCBuildConfiguration;
			buildSettings = {
				ALWAYS_SEARCH_USER_PATHS = NO;
				CLANG_ANALYZER_NONNULL = YES;
				CLANG_ANALYZER_NUMBER_OBJECT_CONVERSION = YES_AGGRESSIVE;
				CLANG_CXX_LANGUAGE_STANDARD = "gnu++0x";
				CLANG_CXX_LIBRARY = "libc++";
				CLANG_ENABLE_MODULES = YES;
				CLANG_ENABLE_OBJC_ARC = YES;
				CLANG_WARN_BLOCK_CAPTURE_AUTORELEASING = YES;
				CLANG_WARN_BOOL_CONVERSION = YES;
				CLANG_WARN_COMMA = YES;
				CLANG_WARN_CONSTANT_CONVERSION = YES;
				CLANG_WARN_DIRECT_OBJC_ISA_USAGE = YES_ERROR;
				CLANG_WARN_DOCUMENTATION_COMMENTS = YES;
				CLANG_WARN_EMPTY_BODY = YES;
				CLANG_WARN_ENUM_CONVERSION = YES;
				CLANG_WARN_INFINITE_RECURSION = YES;
				CLANG_WARN_INT_CONVERSION = YES;
				CLANG_WARN_NON_LITERAL_NULL_CONVERSION = YES;
				CLANG_WARN_OBJC_LITERAL_CONVERSION = YES;
				CLANG_WARN_OBJC_ROOT_CLASS = YES_ERROR;
				CLANG_WARN_RANGE_LOOP_ANALYSIS = YES;
				CLANG_WARN_STRICT_PROTOTYPES = YES;
				CLANG_WARN_SUSPICIOUS_MOVE = YES;
				CLANG_WARN_UNREACHABLE_CODE = YES;
				CLANG_WARN__DUPLICATE_METHOD_MATCH = YES;
				"CODE_SIGN_IDENTITY[sdk=iphoneos*]" = "iPhone Developer";
				COPY_PHASE_STRIP = NO;
				DEBUG_INFORMATION_FORMAT = "dwarf-with-dsym";
				ENABLE_NS_ASSERTIONS = NO;
				ENABLE_STRICT_OBJC_MSGSEND = YES;
				GCC_C_LANGUAGE_STANDARD = gnu99;
				GCC_NO_COMMON_BLOCKS = YES;
				GCC_WARN_64_TO_32_BIT_CONVERSION = YES;
				GCC_WARN_ABOUT_RETURN_TYPE = YES_ERROR;
				GCC_WARN_UNDECLARED_SELECTOR = YES;
				GCC_WARN_UNINITIALIZED_AUTOS = YES_AGGRESSIVE;
				GCC_WARN_UNUSED_FUNCTION = YES;
				GCC_WARN_UNUSED_VARIABLE = YES;
				IPHONEOS_DEPLOYMENT_TARGET = 10.3;
				MTL_ENABLE_DEBUG_INFO = NO;
				SDKROOT = iphoneos;
				SWIFT_OPTIMIZATION_LEVEL = "-Owholemodule";
				TARGETED_DEVICE_FAMILY = "1,2";
				VALIDATE_PRODUCT = YES;
			};
			name = Release;
		};
		D68C5FF51ECFE00100CB667A /* Debug */ = {
			isa = XCBuildConfiguration;
			baseConfigurationReference = 7A5A709696AA84F96C39B7FC /* Pods-Travlr.debug.xcconfig */;
			buildSettings = {
				ASSETCATALOG_COMPILER_APPICON_NAME = "AppIcon-1";
				DEVELOPMENT_TEAM = LLL5MM4QVU;
				INFOPLIST_FILE = Travlr/Info.plist;
				IPHONEOS_DEPLOYMENT_TARGET = 9.0;
				LD_RUNPATH_SEARCH_PATHS = "$(inherited) @executable_path/Frameworks";
				PRODUCT_BUNDLE_IDENTIFIER = com.ryanaching.Travlr;
				PRODUCT_NAME = "$(TARGET_NAME)";
				SWIFT_OBJC_BRIDGING_HEADER = "Travlr/Travlr-Bridging-Header.h";
				SWIFT_OPTIMIZATION_LEVEL = "-Onone";
				SWIFT_SWIFT3_OBJC_INFERENCE = On;
				SWIFT_VERSION = 4.0;
			};
			name = Debug;
		};
		D68C5FF61ECFE00100CB667A /* Release */ = {
			isa = XCBuildConfiguration;
			baseConfigurationReference = 34500665427DAA7A60AB8CC4 /* Pods-Travlr.release.xcconfig */;
			buildSettings = {
				ASSETCATALOG_COMPILER_APPICON_NAME = "AppIcon-1";
				DEVELOPMENT_TEAM = LLL5MM4QVU;
				INFOPLIST_FILE = Travlr/Info.plist;
				IPHONEOS_DEPLOYMENT_TARGET = 9.0;
				LD_RUNPATH_SEARCH_PATHS = "$(inherited) @executable_path/Frameworks";
				PRODUCT_BUNDLE_IDENTIFIER = com.ryanaching.Travlr;
				PRODUCT_NAME = "$(TARGET_NAME)";
				"SWIFT_OBJC_BRIDGING_HEADER[arch=*]" = "Travlr/Travlr-Bridging-Header.h";
				SWIFT_SWIFT3_OBJC_INFERENCE = On;
				SWIFT_VERSION = 4.0;
			};
			name = Release;
		};
		D68C5FF81ECFE00100CB667A /* Debug */ = {
			isa = XCBuildConfiguration;
			baseConfigurationReference = 5B0B7CE85EC946ADDB2B2DAF /* Pods-TravlrTests.debug.xcconfig */;
			buildSettings = {
				ALWAYS_EMBED_SWIFT_STANDARD_LIBRARIES = YES;
				BUNDLE_LOADER = "$(TEST_HOST)";
				DEVELOPMENT_TEAM = TNYKHNSDV6;
				INFOPLIST_FILE = TravlrTests/Info.plist;
				LD_RUNPATH_SEARCH_PATHS = "$(inherited) @executable_path/Frameworks @loader_path/Frameworks";
				PRODUCT_BUNDLE_IDENTIFIER = com.ryanching.TravlrTests;
				PRODUCT_NAME = "$(TARGET_NAME)";
				SWIFT_SWIFT3_OBJC_INFERENCE = On;
				SWIFT_VERSION = 4.0;
				TEST_HOST = "$(BUILT_PRODUCTS_DIR)/Travlr.app/Travlr";
			};
			name = Debug;
		};
		D68C5FF91ECFE00100CB667A /* Release */ = {
			isa = XCBuildConfiguration;
			baseConfigurationReference = 979F981A89561FC3408C51A6 /* Pods-TravlrTests.release.xcconfig */;
			buildSettings = {
				ALWAYS_EMBED_SWIFT_STANDARD_LIBRARIES = YES;
				BUNDLE_LOADER = "$(TEST_HOST)";
				DEVELOPMENT_TEAM = TNYKHNSDV6;
				INFOPLIST_FILE = TravlrTests/Info.plist;
				LD_RUNPATH_SEARCH_PATHS = "$(inherited) @executable_path/Frameworks @loader_path/Frameworks";
				PRODUCT_BUNDLE_IDENTIFIER = com.ryanching.TravlrTests;
				PRODUCT_NAME = "$(TARGET_NAME)";
				SWIFT_SWIFT3_OBJC_INFERENCE = On;
				SWIFT_VERSION = 4.0;
				TEST_HOST = "$(BUILT_PRODUCTS_DIR)/Travlr.app/Travlr";
			};
			name = Release;
		};
		D68C5FFB1ECFE00100CB667A /* Debug */ = {
			isa = XCBuildConfiguration;
			baseConfigurationReference = CF271E7785AECAEFEA803A34 /* Pods-TravlrUITests.debug.xcconfig */;
			buildSettings = {
				ALWAYS_EMBED_SWIFT_STANDARD_LIBRARIES = YES;
				DEVELOPMENT_TEAM = TNYKHNSDV6;
				INFOPLIST_FILE = TravlrUITests/Info.plist;
				LD_RUNPATH_SEARCH_PATHS = "$(inherited) @executable_path/Frameworks @loader_path/Frameworks";
				PRODUCT_BUNDLE_IDENTIFIER = com.ryanching.TravlrUITests;
				PRODUCT_NAME = "$(TARGET_NAME)";
				SWIFT_SWIFT3_OBJC_INFERENCE = On;
				SWIFT_VERSION = 4.0;
				TEST_TARGET_NAME = Travlr;
			};
			name = Debug;
		};
		D68C5FFC1ECFE00100CB667A /* Release */ = {
			isa = XCBuildConfiguration;
			baseConfigurationReference = 14527BF26298F26696664E75 /* Pods-TravlrUITests.release.xcconfig */;
			buildSettings = {
				ALWAYS_EMBED_SWIFT_STANDARD_LIBRARIES = YES;
				DEVELOPMENT_TEAM = TNYKHNSDV6;
				INFOPLIST_FILE = TravlrUITests/Info.plist;
				LD_RUNPATH_SEARCH_PATHS = "$(inherited) @executable_path/Frameworks @loader_path/Frameworks";
				PRODUCT_BUNDLE_IDENTIFIER = com.ryanching.TravlrUITests;
				PRODUCT_NAME = "$(TARGET_NAME)";
				SWIFT_SWIFT3_OBJC_INFERENCE = On;
				SWIFT_VERSION = 4.0;
				TEST_TARGET_NAME = Travlr;
			};
			name = Release;
		};
/* End XCBuildConfiguration section */

/* Begin XCConfigurationList section */
		D68C5FC71ECFE00100CB667A /* Build configuration list for PBXProject "Travlr" */ = {
			isa = XCConfigurationList;
			buildConfigurations = (
				D68C5FF21ECFE00100CB667A /* Debug */,
				D68C5FF31ECFE00100CB667A /* Release */,
			);
			defaultConfigurationIsVisible = 0;
			defaultConfigurationName = Release;
		};
		D68C5FF41ECFE00100CB667A /* Build configuration list for PBXNativeTarget "Travlr" */ = {
			isa = XCConfigurationList;
			buildConfigurations = (
				D68C5FF51ECFE00100CB667A /* Debug */,
				D68C5FF61ECFE00100CB667A /* Release */,
			);
			defaultConfigurationIsVisible = 0;
			defaultConfigurationName = Release;
		};
		D68C5FF71ECFE00100CB667A /* Build configuration list for PBXNativeTarget "TravlrTests" */ = {
			isa = XCConfigurationList;
			buildConfigurations = (
				D68C5FF81ECFE00100CB667A /* Debug */,
				D68C5FF91ECFE00100CB667A /* Release */,
			);
			defaultConfigurationIsVisible = 0;
			defaultConfigurationName = Release;
		};
		D68C5FFA1ECFE00100CB667A /* Build configuration list for PBXNativeTarget "TravlrUITests" */ = {
			isa = XCConfigurationList;
			buildConfigurations = (
				D68C5FFB1ECFE00100CB667A /* Debug */,
				D68C5FFC1ECFE00100CB667A /* Release */,
			);
			defaultConfigurationIsVisible = 0;
			defaultConfigurationName = Release;
		};
/* End XCConfigurationList section */

/* Begin XCVersionGroup section */
		D666FAEC1EE65CF10060EB65 /* Model.xcdatamodeld */ = {
			isa = XCVersionGroup;
			children = (
				D666FAED1EE65CF10060EB65 /* Model.xcdatamodel */,
			);
			currentVersion = D666FAED1EE65CF10060EB65 /* Model.xcdatamodel */;
			path = Model.xcdatamodeld;
			sourceTree = "<group>";
			versionGroupType = wrapper.xcdatamodel;
		};
/* End XCVersionGroup section */
	};
	rootObject = D68C5FC41ECFE00100CB667A /* Project object */;
}
